
Microsoft Visual Studio Solution File, Format Version 12.00
# Visual Studio Version 17
VisualStudioVersion = 17.0.31912.275
MinimumVisualStudioVersion = 10.0.40219.1
Project("{FAE04EC0-301F-11D3-BF4B-00C04F79EFBC}") = "PDF Reader", "Praktika\PDF Reader.csproj", "{C30F9CD0-4902-40BA-AA91-682CF61CD1CD}"
EndProject
Project("{FAE04EC0-301F-11D3-BF4B-00C04F79EFBC}") = "WinAnim", "WinAnim\WinAnim.csproj", "{D567072C-4F6C-4587-9F71-0FD603CF17C2}"
EndProject
Project("{FAE04EC0-301F-11D3-BF4B-00C04F79EFBC}") = "WinBackgroundWorker", "WinBackgroundWorker\WinBackgroundWorker.csproj", "{FD1B9677-6281-4A9C-99CB-CAC7630028BB}"
EndProject
Project("{FAE04EC0-301F-11D3-BF4B-00C04F79EFBC}") = "WinAsynchDelegate", "WinAsynchDelegate\WinAsynchDelegate.csproj", "{785DB7B6-93DF-4B36-A2DA-42A34169B7E0}"
EndProject
Project("{FAE04EC0-301F-11D3-BF4B-00C04F79EFBC}") = "WinAsynchMethod", "WinAsynchMethod\WinAsynchMethod.csproj", "{71884794-EDEE-4BC3-A942-C886510BA1E1}"
EndProject
Project("{FAE04EC0-301F-11D3-BF4B-00C04F79EFBC}") = "WinAsynchMethod1", "WinAsynchMethod1\WinAsynchMethod1.csproj", "{FF711537-E5A4-426E-BD52-A4E7C538F515}"
EndProject
Project("{FAE04EC0-301F-11D3-BF4B-00C04F79EFBC}") = "WinAsynchMethod2", "WinAsynchMethod2\WinAsynchMethod2.csproj", "{08EFC402-76D5-43B0-ADB1-151E99493E5D}"
EndProject
Project("{FAE04EC0-301F-11D3-BF4B-00C04F79EFBC}") = "WinAsynchMethod3", "WinAsynchMethod3\WinAsynchMethod3.csproj", "{6DA7B41A-8950-4B14-BD45-78AD32E1FDDF}"
EndProject
Project("{FAE04EC0-301F-11D3-BF4B-00C04F79EFBC}") = "WinBD", "WinBD\WinBD.csproj", "{22507464-DB2A-4BC2-9A2C-CD5CDAF46F1C}"
EndProject
Project("{FAE04EC0-301F-11D3-BF4B-00C04F79EFBC}") = "WinBD1", "WinBD1\WinBD1.csproj", "{91557AA4-7A09-4A2D-8FC3-E8CB170F04AF}"
EndProject
Project("{FAE04EC0-301F-11D3-BF4B-00C04F79EFBC}") = "WinBD2", "WinBD2\WinBD2.csproj", "{4C7E8760-17A7-4A85-81FA-F7E5136DC386}"
EndProject
Project("{FAE04EC0-301F-11D3-BF4B-00C04F79EFBC}") = "WinBD3", "WinBD3\WinBD3.csproj", "{533B148F-0F4D-4D4A-ADE9-7561925CD4D3}"
EndProject
Global
	GlobalSection(SolutionConfigurationPlatforms) = preSolution
		Debug|Any CPU = Debug|Any CPU
		Debug|x86 = Debug|x86
		Release|Any CPU = Release|Any CPU
		Release|x86 = Release|x86
	EndGlobalSection
	GlobalSection(ProjectConfigurationPlatforms) = postSolution
		{C30F9CD0-4902-40BA-AA91-682CF61CD1CD}.Debug|Any CPU.ActiveCfg = Debug|Any CPU
		{C30F9CD0-4902-40BA-AA91-682CF61CD1CD}.Debug|Any CPU.Build.0 = Debug|Any CPU
		{C30F9CD0-4902-40BA-AA91-682CF61CD1CD}.Debug|x86.ActiveCfg = Debug|Any CPU
		{C30F9CD0-4902-40BA-AA91-682CF61CD1CD}.Debug|x86.Build.0 = Debug|Any CPU
		{C30F9CD0-4902-40BA-AA91-682CF61CD1CD}.Release|Any CPU.ActiveCfg = Release|Any CPU
		{C30F9CD0-4902-40BA-AA91-682CF61CD1CD}.Release|Any CPU.Build.0 = Release|Any CPU
		{C30F9CD0-4902-40BA-AA91-682CF61CD1CD}.Release|x86.ActiveCfg = Release|Any CPU
		{C30F9CD0-4902-40BA-AA91-682CF61CD1CD}.Release|x86.Build.0 = Release|Any CPU
		{D567072C-4F6C-4587-9F71-0FD603CF17C2}.Debug|Any CPU.ActiveCfg = Debug|Any CPU
		{D567072C-4F6C-4587-9F71-0FD603CF17C2}.Debug|Any CPU.Build.0 = Debug|Any CPU
		{D567072C-4F6C-4587-9F71-0FD603CF17C2}.Debug|x86.ActiveCfg = Debug|Any CPU
		{D567072C-4F6C-4587-9F71-0FD603CF17C2}.Debug|x86.Build.0 = Debug|Any CPU
		{D567072C-4F6C-4587-9F71-0FD603CF17C2}.Release|Any CPU.ActiveCfg = Release|Any CPU
		{D567072C-4F6C-4587-9F71-0FD603CF17C2}.Release|Any CPU.Build.0 = Release|Any CPU
		{D567072C-4F6C-4587-9F71-0FD603CF17C2}.Release|x86.ActiveCfg = Release|Any CPU
		{D567072C-4F6C-4587-9F71-0FD603CF17C2}.Release|x86.Build.0 = Release|Any CPU
		{FD1B9677-6281-4A9C-99CB-CAC7630028BB}.Debug|Any CPU.ActiveCfg = Debug|Any CPU
		{FD1B9677-6281-4A9C-99CB-CAC7630028BB}.Debug|Any CPU.Build.0 = Debug|Any CPU
		{FD1B9677-6281-4A9C-99CB-CAC7630028BB}.Debug|x86.ActiveCfg = Debug|Any CPU
		{FD1B9677-6281-4A9C-99CB-CAC7630028BB}.Debug|x86.Build.0 = Debug|Any CPU
		{FD1B9677-6281-4A9C-99CB-CAC7630028BB}.Release|Any CPU.ActiveCfg = Release|Any CPU
		{FD1B9677-6281-4A9C-99CB-CAC7630028BB}.Release|Any CPU.Build.0 = Release|Any CPU
		{FD1B9677-6281-4A9C-99CB-CAC7630028BB}.Release|x86.ActiveCfg = Release|Any CPU
		{FD1B9677-6281-4A9C-99CB-CAC7630028BB}.Release|x86.Build.0 = Release|Any CPU
		{785DB7B6-93DF-4B36-A2DA-42A34169B7E0}.Debug|Any CPU.ActiveCfg = Debug|Any CPU
		{785DB7B6-93DF-4B36-A2DA-42A34169B7E0}.Debug|Any CPU.Build.0 = Debug|Any CPU
		{785DB7B6-93DF-4B36-A2DA-42A34169B7E0}.Debug|x86.ActiveCfg = Debug|Any CPU
		{785DB7B6-93DF-4B36-A2DA-42A34169B7E0}.Debug|x86.Build.0 = Debug|Any CPU
		{785DB7B6-93DF-4B36-A2DA-42A34169B7E0}.Release|Any CPU.ActiveCfg = Release|Any CPU
		{785DB7B6-93DF-4B36-A2DA-42A34169B7E0}.Release|Any CPU.Build.0 = Release|Any CPU
		{785DB7B6-93DF-4B36-A2DA-42A34169B7E0}.Release|x86.ActiveCfg = Release|Any CPU
		{785DB7B6-93DF-4B36-A2DA-42A34169B7E0}.Release|x86.Build.0 = Release|Any CPU
		{71884794-EDEE-4BC3-A942-C886510BA1E1}.Debug|Any CPU.ActiveCfg = Debug|Any CPU
		{71884794-EDEE-4BC3-A942-C886510BA1E1}.Debug|Any CPU.Build.0 = Debug|Any CPU
		{71884794-EDEE-4BC3-A942-C886510BA1E1}.Debug|x86.ActiveCfg = Debug|Any CPU
		{71884794-EDEE-4BC3-A942-C886510BA1E1}.Debug|x86.Build.0 = Debug|Any CPU
		{71884794-EDEE-4BC3-A942-C886510BA1E1}.Release|Any CPU.ActiveCfg = Release|Any CPU
		{71884794-EDEE-4BC3-A942-C886510BA1E1}.Release|Any CPU.Build.0 = Release|Any CPU
		{71884794-EDEE-4BC3-A942-C886510BA1E1}.Release|x86.ActiveCfg = Release|Any CPU
		{71884794-EDEE-4BC3-A942-C886510BA1E1}.Release|x86.Build.0 = Release|Any CPU
		{FF711537-E5A4-426E-BD52-A4E7C538F515}.Debug|Any CPU.ActiveCfg = Debug|Any CPU
		{FF711537-E5A4-426E-BD52-A4E7C538F515}.Debug|Any CPU.Build.0 = Debug|Any CPU
		{FF711537-E5A4-426E-BD52-A4E7C538F515}.Debug|x86.ActiveCfg = Debug|Any CPU
		{FF711537-E5A4-426E-BD52-A4E7C538F515}.Debug|x86.Build.0 = Debug|Any CPU
		{FF711537-E5A4-426E-BD52-A4E7C538F515}.Release|Any CPU.ActiveCfg = Release|Any CPU
		{FF711537-E5A4-426E-BD52-A4E7C538F515}.Release|Any CPU.Build.0 = Release|Any CPU
		{FF711537-E5A4-426E-BD52-A4E7C538F515}.Release|x86.ActiveCfg = Release|Any CPU
		{FF711537-E5A4-426E-BD52-A4E7C538F515}.Release|x86.Build.0 = Release|Any CPU
		{08EFC402-76D5-43B0-ADB1-151E99493E5D}.Debug|Any CPU.ActiveCfg = Debug|Any CPU
		{08EFC402-76D5-43B0-ADB1-151E99493E5D}.Debug|Any CPU.Build.0 = Debug|Any CPU
		{08EFC402-76D5-43B0-ADB1-151E99493E5D}.Debug|x86.ActiveCfg = Debug|Any CPU
		{08EFC402-76D5-43B0-ADB1-151E99493E5D}.Debug|x86.Build.0 = Debug|Any CPU
		{08EFC402-76D5-43B0-ADB1-151E99493E5D}.Release|Any CPU.ActiveCfg = Release|Any CPU
		{08EFC402-76D5-43B0-ADB1-151E99493E5D}.Release|Any CPU.Build.0 = Release|Any CPU
		{08EFC402-76D5-43B0-ADB1-151E99493E5D}.Release|x86.ActiveCfg = Release|Any CPU
		{08EFC402-76D5-43B0-ADB1-151E99493E5D}.Release|x86.Build.0 = Release|Any CPU
		{6DA7B41A-8950-4B14-BD45-78AD32E1FDDF}.Debug|Any CPU.ActiveCfg = Debug|Any CPU
		{6DA7B41A-8950-4B14-BD45-78AD32E1FDDF}.Debug|Any CPU.Build.0 = Debug|Any CPU
		{6DA7B41A-8950-4B14-BD45-78AD32E1FDDF}.Debug|x86.ActiveCfg = Debug|Any CPU
		{6DA7B41A-8950-4B14-BD45-78AD32E1FDDF}.Debug|x86.Build.0 = Debug|Any CPU
		{6DA7B41A-8950-4B14-BD45-78AD32E1FDDF}.Release|Any CPU.ActiveCfg = Release|Any CPU
		{6DA7B41A-8950-4B14-BD45-78AD32E1FDDF}.Release|Any CPU.Build.0 = Release|Any CPU
		{6DA7B41A-8950-4B14-BD45-78AD32E1FDDF}.Release|x86.ActiveCfg = Release|Any CPU
		{6DA7B41A-8950-4B14-BD45-78AD32E1FDDF}.Release|x86.Build.0 = Release|Any CPU
		{22507464-DB2A-4BC2-9A2C-CD5CDAF46F1C}.Debug|Any CPU.ActiveCfg = Debug|Any CPU
		{22507464-DB2A-4BC2-9A2C-CD5CDAF46F1C}.Debug|Any CPU.Build.0 = Debug|Any CPU
		{22507464-DB2A-4BC2-9A2C-CD5CDAF46F1C}.Debug|x86.ActiveCfg = Debug|x86
		{22507464-DB2A-4BC2-9A2C-CD5CDAF46F1C}.Debug|x86.Build.0 = Debug|x86
		{22507464-DB2A-4BC2-9A2C-CD5CDAF46F1C}.Release|Any CPU.ActiveCfg = Release|Any CPU
		{22507464-DB2A-4BC2-9A2C-CD5CDAF46F1C}.Release|Any CPU.Build.0 = Release|Any CPU
		{22507464-DB2A-4BC2-9A2C-CD5CDAF46F1C}.Release|x86.ActiveCfg = Release|x86
		{22507464-DB2A-4BC2-9A2C-CD5CDAF46F1C}.Release|x86.Build.0 = Release|x86
		{91557AA4-7A09-4A2D-8FC3-E8CB170F04AF}.Debug|Any CPU.ActiveCfg = Debug|Any CPU
		{91557AA4-7A09-4A2D-8FC3-E8CB170F04AF}.Debug|Any CPU.Build.0 = Debug|Any CPU
		{91557AA4-7A09-4A2D-8FC3-E8CB170F04AF}.Debug|x86.ActiveCfg = Debug|x86
		{91557AA4-7A09-4A2D-8FC3-E8CB170F04AF}.Debug|x86.Build.0 = Debug|x86
		{91557AA4-7A09-4A2D-8FC3-E8CB170F04AF}.Release|Any CPU.ActiveCfg = Release|Any CPU
		{91557AA4-7A09-4A2D-8FC3-E8CB170F04AF}.Release|Any CPU.Build.0 = Release|Any CPU
		{91557AA4-7A09-4A2D-8FC3-E8CB170F04AF}.Release|x86.ActiveCfg = Release|x86
		{91557AA4-7A09-4A2D-8FC3-E8CB170F04AF}.Release|x86.Build.0 = Release|x86
		{4C7E8760-17A7-4A85-81FA-F7E5136DC386}.Debug|Any CPU.ActiveCfg = Debug|Any CPU
		{4C7E8760-17A7-4A85-81FA-F7E5136DC386}.Debug|Any CPU.Build.0 = Debug|Any CPU
		{4C7E8760-17A7-4A85-81FA-F7E5136DC386}.Debug|x86.ActiveCfg = Debug|x86
		{4C7E8760-17A7-4A85-81FA-F7E5136DC386}.Debug|x86.Build.0 = Debug|x86
		{4C7E8760-17A7-4A85-81FA-F7E5136DC386}.Release|Any CPU.ActiveCfg = Release|Any CPU
		{4C7E8760-17A7-4A85-81FA-F7E5136DC386}.Release|Any CPU.Build.0 = Release|Any CPU
		{4C7E8760-17A7-4A85-81FA-F7E5136DC386}.Release|x86.ActiveCfg = Release|x86
		{4C7E8760-17A7-4A85-81FA-F7E5136DC386}.Release|x86.Build.0 = Release|x86
		{533B148F-0F4D-4D4A-ADE9-7561925CD4D3}.Debug|Any CPU.ActiveCfg = Debug|Any CPU
		{533B148F-0F4D-4D4A-ADE9-7561925CD4D3}.Debug|Any CPU.Build.0 = Debug|Any CPU
		{533B148F-0F4D-4D4A-ADE9-7561925CD4D3}.Debug|x86.ActiveCfg = Debug|Any CPU
		{533B148F-0F4D-4D4A-ADE9-7561925CD4D3}.Debug|x86.Build.0 = Debug|Any CPU
		{533B148F-0F4D-4D4A-ADE9-7561925CD4D3}.Release|Any CPU.ActiveCfg = Release|Any CPU
		{533B148F-0F4D-4D4A-ADE9-7561925CD4D3}.Release|Any CPU.Build.0 = Release|Any CPU
		{533B148F-0F4D-4D4A-ADE9-7561925CD4D3}.Release|x86.ActiveCfg = Release|Any CPU
		{533B148F-0F4D-4D4A-ADE9-7561925CD4D3}.Release|x86.Build.0 = Release|Any CPU
	EndGlobalSection
	GlobalSection(SolutionProperties) = preSolution
		HideSolutionNode = FALSE
	EndGlobalSection
	GlobalSection(ExtensibilityGlobals) = postSolution
		SolutionGuid = {D87659E8-DF8C-494B-AFBE-BA5D267E5622}
	EndGlobalSection
EndGlobal
